
Microsoft Visual Studio Solution File, Format Version 12.00
# Visual Studio Version 16
VisualStudioVersion = 16.0.29306.81
MinimumVisualStudioVersion = 10.0.40219.1
Project("{FAE04EC0-301F-11D3-BF4B-00C04F79EFBC}") = "ContosoUniversity", "ContosoUniversity.csproj", "{D27A283D-7BCE-45DB-92AF-5B541AAD5D49}"
EndProject
Global
	GlobalSection(SolutionConfigurationPlatforms) = preSolution
		Debug|Any CPU = Debug|Any CPU
		Release|Any CPU = Release|Any CPU
	EndGlobalSection
	GlobalSection(ProjectConfigurationPlatforms) = postSolution
		{D27A283D-7BCE-45DB-92AF-5B541AAD5D49}.Debug|Any CPU.ActiveCfg = Debug|Any CPU
		{D27A283D-7BCE-45DB-92AF-5B541AAD5D49}.Debug|Any CPU.Build.0 = Debug|Any CPU
		{D27A283D-7BCE-45DB-92AF-5B541AAD5D49}.Release|Any CPU.ActiveCfg = Release|Any CPU
		{D27A283D-7BCE-45DB-92AF-5B541AAD5D49}.Release|Any CPU.Build.0 = Release|Any CPU
	EndGlobalSection
	GlobalSection(SolutionProperties) = preSolution
		HideSolutionNode = FALSE
	EndGlobalSection
	GlobalSection(ExtensibilityGlobals) = postSolution
		SolutionGuid = {719470FF-1317-48A1-8EBD-702E22852283}
	EndGlobalSection
EndGlobal
